
Microsoft Visual Studio Solution File, Format Version 12.00
# Visual Studio Version 17
VisualStudioVersion = 17.4.33403.182
MinimumVisualStudioVersion = 10.0.40219.1
Project("{9A19103F-16F7-4668-BE54-9A1E7A4F7556}") = "CryptoArbitrageMonitoring", "CryptoArbitrageMonitoring.csproj", "{F8E7C518-55FA-4BCE-B452-E799315A7848}"
EndProject
Global
	GlobalSection(SolutionConfigurationPlatforms) = preSolution
		Debug|Any CPU = Debug|Any CPU
		Release|Any CPU = Release|Any CPU
	EndGlobalSection
	GlobalSection(ProjectConfigurationPlatforms) = postSolution
		{F8E7C518-55FA-4BCE-B452-E799315A7848}.Debug|Any CPU.ActiveCfg = Debug|Any CPU
		{F8E7C518-55FA-4BCE-B452-E799315A7848}.Debug|Any CPU.Build.0 = Debug|Any CPU
		{F8E7C518-55FA-4BCE-B452-E799315A7848}.Release|Any CPU.ActiveCfg = Release|Any CPU
		{F8E7C518-55FA-4BCE-B452-E799315A7848}.Release|Any CPU.Build.0 = Release|Any CPU
	EndGlobalSection
	GlobalSection(SolutionProperties) = preSolution
		HideSolutionNode = FALSE
	EndGlobalSection
	GlobalSection(ExtensibilityGlobals) = postSolution
		SolutionGuid = {EF94C6EE-97F2-442C-BADC-0AADE4B712CF}
	EndGlobalSection
EndGlobal
